// !$*UTF8*$!
{
	archiveVersion = 1;
	classes = {
	};
	objectVersion = 50;
	objects = {

/* Begin PBXBuildFile section */
		EC01F45B2704C7D50047A187 /* Movie+Stub.swift in Sources */ = {isa = PBXBuildFile; fileRef = EC01F45A2704C7D50047A187 /* Movie+Stub.swift */; };
		EC01F4642704F1040047A187 /* ImageLoader.swift in Sources */ = {isa = PBXBuildFile; fileRef = EC01F4632704F1040047A187 /* ImageLoader.swift */; };
		EC320CA3270356F000B00E9A /* AppDelegate.swift in Sources */ = {isa = PBXBuildFile; fileRef = EC320CA2270356F000B00E9A /* AppDelegate.swift */; };
		EC320CA5270356F000B00E9A /* SceneDelegate.swift in Sources */ = {isa = PBXBuildFile; fileRef = EC320CA4270356F000B00E9A /* SceneDelegate.swift */; };
		EC320CA7270356F000B00E9A /* ContentView.swift in Sources */ = {isa = PBXBuildFile; fileRef = EC320CA6270356F000B00E9A /* ContentView.swift */; };
		EC320CA9270356F200B00E9A /* Assets.xcassets in Resources */ = {isa = PBXBuildFile; fileRef = EC320CA8270356F200B00E9A /* Assets.xcassets */; };
		EC320CAC270356F200B00E9A /* Preview Assets.xcassets in Resources */ = {isa = PBXBuildFile; fileRef = EC320CAB270356F200B00E9A /* Preview Assets.xcassets */; };
		EC320CAF270356F200B00E9A /* LaunchScreen.storyboard in Resources */ = {isa = PBXBuildFile; fileRef = EC320CAD270356F200B00E9A /* LaunchScreen.storyboard */; };
		EC320CB92703573B00B00E9A /* Movie.swift in Sources */ = {isa = PBXBuildFile; fileRef = EC320CB82703573B00B00E9A /* Movie.swift */; };
		EC320CBE2703582000B00E9A /* MovieService.swift in Sources */ = {isa = PBXBuildFile; fileRef = EC320CBD2703582000B00E9A /* MovieService.swift */; };
		EC320CC12703965500B00E9A /* MovieStore.swift in Sources */ = {isa = PBXBuildFile; fileRef = EC320CC02703965500B00E9A /* MovieStore.swift */; };
		EC320CC42703A02900B00E9A /* Utils.swift in Sources */ = {isa = PBXBuildFile; fileRef = EC320CC32703A02900B00E9A /* Utils.swift */; };
		EC86CA822705F447000036C7 /* MovieDetailView.swift in Sources */ = {isa = PBXBuildFile; fileRef = EC86CA812705F447000036C7 /* MovieDetailView.swift */; };
		EC86CA852705F928000036C7 /* MovieDetailState.swift in Sources */ = {isa = PBXBuildFile; fileRef = EC86CA842705F928000036C7 /* MovieDetailState.swift */; };
		EC86CA882705F9A1000036C7 /* LoadingView.swift in Sources */ = {isa = PBXBuildFile; fileRef = EC86CA872705F9A1000036C7 /* LoadingView.swift */; };
/* End PBXBuildFile section */

/* Begin PBXFileReference section */
		EC01F45A2704C7D50047A187 /* Movie+Stub.swift */ = {isa = PBXFileReference; lastKnownFileType = sourcecode.swift; path = "Movie+Stub.swift"; sourceTree = "<group>"; };
		EC01F4632704F1040047A187 /* ImageLoader.swift */ = {isa = PBXFileReference; lastKnownFileType = sourcecode.swift; path = ImageLoader.swift; sourceTree = "<group>"; };
		EC320C9F270356F000B00E9A /* tmdb API.app */ = {isa = PBXFileReference; explicitFileType = wrapper.application; includeInIndex = 0; path = "tmdb API.app"; sourceTree = BUILT_PRODUCTS_DIR; };
		EC320CA2270356F000B00E9A /* AppDelegate.swift */ = {isa = PBXFileReference; lastKnownFileType = sourcecode.swift; path = AppDelegate.swift; sourceTree = "<group>"; };
		EC320CA4270356F000B00E9A /* SceneDelegate.swift */ = {isa = PBXFileReference; lastKnownFileType = sourcecode.swift; path = SceneDelegate.swift; sourceTree = "<group>"; };
		EC320CA6270356F000B00E9A /* ContentView.swift */ = {isa = PBXFileReference; lastKnownFileType = sourcecode.swift; path = ContentView.swift; sourceTree = "<group>"; };
		EC320CA8270356F200B00E9A /* Assets.xcassets */ = {isa = PBXFileReference; lastKnownFileType = folder.assetcatalog; path = Assets.xcassets; sourceTree = "<group>"; };
		EC320CAB270356F200B00E9A /* Preview Assets.xcassets */ = {isa = PBXFileReference; lastKnownFileType = folder.assetcatalog; path = "Preview Assets.xcassets"; sourceTree = "<group>"; };
		EC320CAE270356F200B00E9A /* Base */ = {isa = PBXFileReference; lastKnownFileType = file.storyboard; name = Base; path = Base.lproj/LaunchScreen.storyboard; sourceTree = "<group>"; };
		EC320CB0270356F200B00E9A /* Info.plist */ = {isa = PBXFileReference; lastKnownFileType = text.plist.xml; path = Info.plist; sourceTree = "<group>"; };
		EC320CB82703573B00B00E9A /* Movie.swift */ = {isa = PBXFileReference; lastKnownFileType = sourcecode.swift; path = Movie.swift; sourceTree = "<group>"; };
		EC320CBD2703582000B00E9A /* MovieService.swift */ = {isa = PBXFileReference; lastKnownFileType = sourcecode.swift; path = MovieService.swift; sourceTree = "<group>"; };
		EC320CC02703965500B00E9A /* MovieStore.swift */ = {isa = PBXFileReference; lastKnownFileType = sourcecode.swift; path = MovieStore.swift; sourceTree = "<group>"; };
		EC320CC32703A02900B00E9A /* Utils.swift */ = {isa = PBXFileReference; lastKnownFileType = sourcecode.swift; path = Utils.swift; sourceTree = "<group>"; };
		EC86CA812705F447000036C7 /* MovieDetailView.swift */ = {isa = PBXFileReference; lastKnownFileType = sourcecode.swift; path = MovieDetailView.swift; sourceTree = "<group>"; };
		EC86CA842705F928000036C7 /* MovieDetailState.swift */ = {isa = PBXFileReference; lastKnownFileType = sourcecode.swift; path = MovieDetailState.swift; sourceTree = "<group>"; };
		EC86CA872705F9A1000036C7 /* LoadingView.swift */ = {isa = PBXFileReference; lastKnownFileType = sourcecode.swift; path = LoadingView.swift; sourceTree = "<group>"; };
/* End PBXFileReference section */

/* Begin PBXFrameworksBuildPhase section */
		EC320C9C270356F000B00E9A /* Frameworks */ = {
			isa = PBXFrameworksBuildPhase;
			buildActionMask = 2147483647;
			files = (
			);
			runOnlyForDeploymentPostprocessing = 0;
		};
/* End PBXFrameworksBuildPhase section */

/* Begin PBXGroup section */
		EC01F45D2704C86D0047A187 /* Resources */ = {
			isa = PBXGroup;
			children = (
			);
			path = Resources;
			sourceTree = "<group>";
		};
		EC01F45E2704D6200047A187 /* Views */ = {
			isa = PBXGroup;
			children = (
				EC86CA812705F447000036C7 /* MovieDetailView.swift */,
				EC86CA872705F9A1000036C7 /* LoadingView.swift */,
			);
			path = Views;
			sourceTree = "<group>";
		};
		EC01F4622704F0E60047A187 /* Bindings */ = {
			isa = PBXGroup;
			children = (
				EC01F4632704F1040047A187 /* ImageLoader.swift */,
				EC86CA842705F928000036C7 /* MovieDetailState.swift */,
			);
			path = Bindings;
			sourceTree = "<group>";
		};
		EC320C96270356F000B00E9A = {
			isa = PBXGroup;
			children = (
				EC320CA1270356F000B00E9A /* tmdb API */,
				EC320CA0270356F000B00E9A /* Products */,
			);
			sourceTree = "<group>";
		};
		EC320CA0270356F000B00E9A /* Products */ = {
			isa = PBXGroup;
			children = (
				EC320C9F270356F000B00E9A /* tmdb API.app */,
			);
			name = Products;
			sourceTree = "<group>";
		};
		EC320CA1270356F000B00E9A /* tmdb API */ = {
			isa = PBXGroup;
			children = (
				EC01F4622704F0E60047A187 /* Bindings */,
				EC01F45E2704D6200047A187 /* Views */,
				EC01F45D2704C86D0047A187 /* Resources */,
				EC320CBC270357F900B00E9A /* Services */,
				EC320CB72703571C00B00E9A /* Models */,
				EC320CA2270356F000B00E9A /* AppDelegate.swift */,
				EC320CA4270356F000B00E9A /* SceneDelegate.swift */,
				EC320CA6270356F000B00E9A /* ContentView.swift */,
				EC320CA8270356F200B00E9A /* Assets.xcassets */,
				EC320CAD270356F200B00E9A /* LaunchScreen.storyboard */,
				EC320CB0270356F200B00E9A /* Info.plist */,
				EC320CAA270356F200B00E9A /* Preview Content */,
			);
			path = "tmdb API";
			sourceTree = "<group>";
		};
		EC320CAA270356F200B00E9A /* Preview Content */ = {
			isa = PBXGroup;
			children = (
				EC320CAB270356F200B00E9A /* Preview Assets.xcassets */,
			);
			path = "Preview Content";
			sourceTree = "<group>";
		};
		EC320CB72703571C00B00E9A /* Models */ = {
			isa = PBXGroup;
			children = (
				EC320CB82703573B00B00E9A /* Movie.swift */,
				EC01F45A2704C7D50047A187 /* Movie+Stub.swift */,
			);
			path = Models;
			sourceTree = "<group>";
		};
		EC320CBC270357F900B00E9A /* Services */ = {
			isa = PBXGroup;
			children = (
				EC320CBD2703582000B00E9A /* MovieService.swift */,
				EC320CC02703965500B00E9A /* MovieStore.swift */,
				EC320CC32703A02900B00E9A /* Utils.swift */,
			);
			path = Services;
			sourceTree = "<group>";
		};
/* End PBXGroup section */

/* Begin PBXNativeTarget section */
		EC320C9E270356F000B00E9A /* tmdb API */ = {
			isa = PBXNativeTarget;
			buildConfigurationList = EC320CB3270356F200B00E9A /* Build configuration list for PBXNativeTarget "tmdb API" */;
			buildPhases = (
				EC320C9B270356F000B00E9A /* Sources */,
				EC320C9C270356F000B00E9A /* Frameworks */,
				EC320C9D270356F000B00E9A /* Resources */,
			);
			buildRules = (
			);
			dependencies = (
			);
			name = "tmdb API";
			productName = "tmdb API";
			productReference = EC320C9F270356F000B00E9A /* tmdb API.app */;
			productType = "com.apple.product-type.application";
		};
/* End PBXNativeTarget section */

/* Begin PBXProject section */
		EC320C97270356F000B00E9A /* Project object */ = {
			isa = PBXProject;
			attributes = {
				LastSwiftUpdateCheck = 1240;
				LastUpgradeCheck = 1240;
				TargetAttributes = {
					EC320C9E270356F000B00E9A = {
						CreatedOnToolsVersion = 12.4;
					};
				};
			};
			buildConfigurationList = EC320C9A270356F000B00E9A /* Build configuration list for PBXProject "tmdb API" */;
			compatibilityVersion = "Xcode 9.3";
			developmentRegion = en;
			hasScannedForEncodings = 0;
			knownRegions = (
				en,
				Base,
			);
			mainGroup = EC320C96270356F000B00E9A;
			productRefGroup = EC320CA0270356F000B00E9A /* Products */;
			projectDirPath = "";
			projectRoot = "";
			targets = (
				EC320C9E270356F000B00E9A /* tmdb API */,
			);
		};
/* End PBXProject section */

/* Begin PBXResourcesBuildPhase section */
		EC320C9D270356F000B00E9A /* Resources */ = {
			isa = PBXResourcesBuildPhase;
			buildActionMask = 2147483647;
			files = (
				EC320CAF270356F200B00E9A /* LaunchScreen.storyboard in Resources */,
				EC320CAC270356F200B00E9A /* Preview Assets.xcassets in Resources */,
				EC320CA9270356F200B00E9A /* Assets.xcassets in Resources */,
			);
			runOnlyForDeploymentPostprocessing = 0;
		};
/* End PBXResourcesBuildPhase section */

/* Begin PBXSourcesBuildPhase section */
		EC320C9B270356F000B00E9A /* Sources */ = {
			isa = PBXSourcesBuildPhase;
			buildActionMask = 2147483647;
			files = (
				EC320CA3270356F000B00E9A /* AppDelegate.swift in Sources */,
				EC320CA5270356F000B00E9A /* SceneDelegate.swift in Sources */,
				EC01F4642704F1040047A187 /* ImageLoader.swift in Sources */,
				EC320CB92703573B00B00E9A /* Movie.swift in Sources */,
				EC320CC42703A02900B00E9A /* Utils.swift in Sources */,
				EC01F45B2704C7D50047A187 /* Movie+Stub.swift in Sources */,
				EC320CA7270356F000B00E9A /* ContentView.swift in Sources */,
				EC320CC12703965500B00E9A /* MovieStore.swift in Sources */,
				EC86CA852705F928000036C7 /* MovieDetailState.swift in Sources */,
				EC320CBE2703582000B00E9A /* MovieService.swift in Sources */,
				EC86CA882705F9A1000036C7 /* LoadingView.swift in Sources */,
				EC86CA822705F447000036C7 /* MovieDetailView.swift in Sources */,
			);
			runOnlyForDeploymentPostprocessing = 0;
		};
/* End PBXSourcesBuildPhase section */

/* Begin PBXVariantGroup section */
		EC320CAD270356F200B00E9A /* LaunchScreen.storyboard */ = {
			isa = PBXVariantGroup;
			children = (
				EC320CAE270356F200B00E9A /* Base */,
			);
			name = LaunchScreen.storyboard;
			sourceTree = "<group>";
		};
/* End PBXVariantGroup section */

/* Begin XCBuildConfiguration section */
		EC320CB1270356F200B00E9A /* Debug */ = {
			isa = XCBuildConfiguration;
			buildSettings = {
				ALWAYS_SEARCH_USER_PATHS = NO;
				CLANG_ANALYZER_NONNULL = YES;
				CLANG_ANALYZER_NUMBER_OBJECT_CONVERSION = YES_AGGRESSIVE;
				CLANG_CXX_LANGUAGE_STANDARD = "gnu++14";
				CLANG_CXX_LIBRARY = "libc++";
				CLANG_ENABLE_MODULES = YES;
				CLANG_ENABLE_OBJC_ARC = YES;
				CLANG_ENABLE_OBJC_WEAK = YES;
				CLANG_WARN_BLOCK_CAPTURE_AUTORELEASING = YES;
				CLANG_WARN_BOOL_CONVERSION = YES;
				CLANG_WARN_COMMA = YES;
				CLANG_WARN_CONSTANT_CONVERSION = YES;
				CLANG_WARN_DEPRECATED_OBJC_IMPLEMENTATIONS = YES;
				CLANG_WARN_DIRECT_OBJC_ISA_USAGE = YES_ERROR;
				CLANG_WARN_DOCUMENTATION_COMMENTS = YES;
				CLANG_WARN_EMPTY_BODY = YES;
				CLANG_WARN_ENUM_CONVERSION = YES;
				CLANG_WARN_INFINITE_RECURSION = YES;
				CLANG_WARN_INT_CONVERSION = YES;
				CLANG_WARN_NON_LITERAL_NULL_CONVERSION = YES;
				CLANG_WARN_OBJC_IMPLICIT_RETAIN_SELF = YES;
				CLANG_WARN_OBJC_LITERAL_CONVERSION = YES;
				CLANG_WARN_OBJC_ROOT_CLASS = YES_ERROR;
				CLANG_WARN_QUOTED_INCLUDE_IN_FRAMEWORK_HEADER = YES;
				CLANG_WARN_RANGE_LOOP_ANALYSIS = YES;
				CLANG_WARN_STRICT_PROTOTYPES = YES;
				CLANG_WARN_SUSPICIOUS_MOVE = YES;
				CLANG_WARN_UNGUARDED_AVAILABILITY = YES_AGGRESSIVE;
				CLANG_WARN_UNREACHABLE_CODE = YES;
				CLANG_WARN__DUPLICATE_METHOD_MATCH = YES;
				COPY_PHASE_STRIP = NO;
				DEBUG_INFORMATION_FORMAT = dwarf;
				ENABLE_STRICT_OBJC_MSGSEND = YES;
				ENABLE_TESTABILITY = YES;
				GCC_C_LANGUAGE_STANDARD = gnu11;
				GCC_DYNAMIC_NO_PIC = NO;
				GCC_NO_COMMON_BLOCKS = YES;
				GCC_OPTIMIZATION_LEVEL = 0;
				GCC_PREPROCESSOR_DEFINITIONS = (
					"DEBUG=1",
					"$(inherited)",
				);
				GCC_WARN_64_TO_32_BIT_CONVERSION = YES;
				GCC_WARN_ABOUT_RETURN_TYPE = YES_ERROR;
				GCC_WARN_UNDECLARED_SELECTOR = YES;
				GCC_WARN_UNINITIALIZED_AUTOS = YES_AGGRESSIVE;
				GCC_WARN_UNUSED_FUNCTION = YES;
				GCC_WARN_UNUSED_VARIABLE = YES;
				IPHONEOS_DEPLOYMENT_TARGET = 14.4;
				MTL_ENABLE_DEBUG_INFO = INCLUDE_SOURCE;
				MTL_FAST_MATH = YES;
				ONLY_ACTIVE_ARCH = YES;
				SDKROOT = iphoneos;
				SWIFT_ACTIVE_COMPILATION_CONDITIONS = DEBUG;
				SWIFT_OPTIMIZATION_LEVEL = "-Onone";
			};
			name = Debug;
		};
		EC320CB2270356F200B00E9A /* Release */ = {
			isa = XCBuildConfiguration;
			buildSettings = {
				ALWAYS_SEARCH_USER_PATHS = NO;
				CLANG_ANALYZER_NONNULL = YES;
				CLANG_ANALYZER_NUMBER_OBJECT_CONVERSION = YES_AGGRESSIVE;
				CLANG_CXX_LANGUAGE_STANDARD = "gnu++14";
				CLANG_CXX_LIBRARY = "libc++";
				CLANG_ENABLE_MODULES = YES;
				CLANG_ENABLE_OBJC_ARC = YES;
				CLANG_ENABLE_OBJC_WEAK = YES;
				CLANG_WARN_BLOCK_CAPTURE_AUTORELEASING = YES;
				CLANG_WARN_BOOL_CONVERSION = YES;
				CLANG_WARN_COMMA = YES;
				CLANG_WARN_CONSTANT_CONVERSION = YES;
				CLANG_WARN_DEPRECATED_OBJC_IMPLEMENTATIONS = YES;
				CLANG_WARN_DIRECT_OBJC_ISA_USAGE = YES_ERROR;
				CLANG_WARN_DOCUMENTATION_COMMENTS = YES;
				CLANG_WARN_EMPTY_BODY = YES;
				CLANG_WARN_ENUM_CONVERSION = YES;
				CLANG_WARN_INFINITE_RECURSION = YES;
				CLANG_WARN_INT_CONVERSION = YES;
				CLANG_WARN_NON_LITERAL_NULL_CONVERSION = YES;
				CLANG_WARN_OBJC_IMPLICIT_RETAIN_SELF = YES;
				CLANG_WARN_OBJC_LITERAL_CONVERSION = YES;
				CLANG_WARN_OBJC_ROOT_CLASS = YES_ERROR;
				CLANG_WARN_QUOTED_INCLUDE_IN_FRAMEWORK_HEADER = YES;
				CLANG_WARN_RANGE_LOOP_ANALYSIS = YES;
				CLANG_WARN_STRICT_PROTOTYPES = YES;
				CLANG_WARN_SUSPICIOUS_MOVE = YES;
				CLANG_WARN_UNGUARDED_AVAILABILITY = YES_AGGRESSIVE;
				CLANG_WARN_UNREACHABLE_CODE = YES;
				CLANG_WARN__DUPLICATE_METHOD_MATCH = YES;
				COPY_PHASE_STRIP = NO;
				DEBUG_INFORMATION_FORMAT = "dwarf-with-dsym";
				ENABLE_NS_ASSERTIONS = NO;
				ENABLE_STRICT_OBJC_MSGSEND = YES;
				GCC_C_LANGUAGE_STANDARD = gnu11;
				GCC_NO_COMMON_BLOCKS = YES;
				GCC_WARN_64_TO_32_BIT_CONVERSION = YES;
				GCC_WARN_ABOUT_RETURN_TYPE = YES_ERROR;
				GCC_WARN_UNDECLARED_SELECTOR = YES;
				GCC_WARN_UNINITIALIZED_AUTOS = YES_AGGRESSIVE;
				GCC_WARN_UNUSED_FUNCTION = YES;
				GCC_WARN_UNUSED_VARIABLE = YES;
				IPHONEOS_DEPLOYMENT_TARGET = 14.4;
				MTL_ENABLE_DEBUG_INFO = NO;
				MTL_FAST_MATH = YES;
				SDKROOT = iphoneos;
				SWIFT_COMPILATION_MODE = wholemodule;
				SWIFT_OPTIMIZATION_LEVEL = "-O";
				VALIDATE_PRODUCT = YES;
			};
			name = Release;
		};
		EC320CB4270356F200B00E9A /* Debug */ = {
			isa = XCBuildConfiguration;
			buildSettings = {
				ASSETCATALOG_COMPILER_APPICON_NAME = AppIcon;
				ASSETCATALOG_COMPILER_GLOBAL_ACCENT_COLOR_NAME = AccentColor;
				CODE_SIGN_STYLE = Automatic;
				DEVELOPMENT_ASSET_PATHS = "\"tmdb API/Preview Content\"";
				ENABLE_PREVIEWS = YES;
				INFOPLIST_FILE = "tmdb API/Info.plist";
				LD_RUNPATH_SEARCH_PATHS = (
					"$(inherited)",
					"@executable_path/Frameworks",
				);
				PRODUCT_BUNDLE_IDENTIFIER = "gustavocruz.tmdb-API";
				PRODUCT_NAME = "$(TARGET_NAME)";
				SWIFT_VERSION = 5.0;
				TARGETED_DEVICE_FAMILY = "1,2";
			};
			name = Debug;
		};
		EC320CB5270356F200B00E9A /* Release */ = {
			isa = XCBuildConfiguration;
			buildSettings = {
				ASSETCATALOG_COMPILER_APPICON_NAME = AppIcon;
				ASSETCATALOG_COMPILER_GLOBAL_ACCENT_COLOR_NAME = AccentColor;
				CODE_SIGN_STYLE = Automatic;
				DEVELOPMENT_ASSET_PATHS = "\"tmdb API/Preview Content\"";
				ENABLE_PREVIEWS = YES;
				INFOPLIST_FILE = "tmdb API/Info.plist";
				LD_RUNPATH_SEARCH_PATHS = (
					"$(inherited)",
					"@executable_path/Frameworks",
				);
				PRODUCT_BUNDLE_IDENTIFIER = "gustavocruz.tmdb-API";
				PRODUCT_NAME = "$(TARGET_NAME)";
				SWIFT_VERSION = 5.0;
				TARGETED_DEVICE_FAMILY = "1,2";
			};
			name = Release;
		};
/* End XCBuildConfiguration section */

/* Begin XCConfigurationList section */
		EC320C9A270356F000B00E9A /* Build configuration list for PBXProject "tmdb API" */ = {
			isa = XCConfigurationList;
			buildConfigurations = (
				EC320CB1270356F200B00E9A /* Debug */,
				EC320CB2270356F200B00E9A /* Release */,
			);
			defaultConfigurationIsVisible = 0;
			defaultConfigurationName = Release;
		};
		EC320CB3270356F200B00E9A /* Build configuration list for PBXNativeTarget "tmdb API" */ = {
			isa = XCConfigurationList;
			buildConfigurations = (
				EC320CB4270356F200B00E9A /* Debug */,
				EC320CB5270356F200B00E9A /* Release */,
			);
			defaultConfigurationIsVisible = 0;
			defaultConfigurationName = Release;
		};
/* End XCConfigurationList section */
	};
	rootObject = EC320C97270356F000B00E9A /* Project object */;
}
